<?xml version="1.0" encoding="utf-8"?>
<Project ToolsVersion="4.0" xmlns="http://schemas.microsoft.com/developer/msbuild/2003">
  <ItemGroup>
    <Filter Include="Source Files">
      <UniqueIdentifier>{4FC737F1-C7A5-4376-A066-2A32D752A2FF}</UniqueIdentifier>
      <Extensions>cpp;c;cc;cxx;def;odl;idl;hpj;bat;asm;asmx</Extensions>
    </Filter>
    <Filter Include="Header Files">
      <UniqueIdentifier>{93995380-89BD-4b04-88EB-625FBE52EBFB}</UniqueIdentifier>
      <Extensions>h;hh;hpp;hxx;hm;inl;inc;ipp;xsd</Extensions>
    </Filter>
    <Filter Include="Resource Files">
      <UniqueIdentifier>{67DA6AB6-F800-4c08-8B7A-83BB121AAD01}</UniqueIdentifier>
      <Extensions>rc;ico;cur;bmp;dlg;rc2;rct;bin;rgs;gif;jpg;jpeg;jpe;resx;tiff;tif;png;wav;mfcribbon-ms</Extensions>
    </Filter>
    <Filter Include="Header Files\Core">
      <UniqueIdentifier>{ed512a8c-8665-4436-82ed-9aa742b779ca}</UniqueIdentifier>
    </Filter>
    <Filter Include="Header Files\Components">
      <UniqueIdentifier>{4b591447-62ef-44d1-810a-cab50864430c}</UniqueIdentifier>
    </Filter>
    <Filter Include="Header Files\Managers">
      <UniqueIdentifier>{ca487dfa-3409-41da-a93d-b80b3e682385}</UniqueIdentifier>
    </Filter>
    <Filter Include="Header Files\Game">
      <UniqueIdentifier>{43e50d11-0321-479c-8c8b-eb0fe8868294}</UniqueIdentifier>
    </Filter>
    <Filter Include="Source Files\Core">
      <UniqueIdentifier>{f359ea69-09fd-49ed-96fe-4d69c092db3c}</UniqueIdentifier>
    </Filter>
    <Filter Include="Source Files\Components">
      <UniqueIdentifier>{97de2aa4-98af-42a5-a724-ea62846cab95}</UniqueIdentifier>
    </Filter>
    <Filter Include="Source Files\Managers">
      <UniqueIdentifier>{8e00e30c-edf7-4307-aa52-6f93bb17bf70}</UniqueIdentifier>
    </Filter>
    <Filter Include="Source Files\Game">
      <UniqueIdentifier>{4572ab95-178b-4f41-905a-60fea9da1c10}</UniqueIdentifier>
    </Filter>
    <Filter Include="Header Files\Game\Buttons">
      <UniqueIdentifier>{c76095f3-2178-4db5-9a1e-fe1e5a1a765f}</UniqueIdentifier>
    </Filter>
    <Filter Include="Source Files\Game\Buttons">
      <UniqueIdentifier>{6c95cdba-1d34-4a6c-a8a5-cec0d1015943}</UniqueIdentifier>
    </Filter>
  </ItemGroup>
  <ItemGroup>
    <ClCompile Include="SFML-Santorini_Engine.cpp">
      <Filter>Source Files</Filter>
    </ClCompile>
    <ClCompile Include="Scripts\Components\Sprite.cpp">
      <Filter>Source Files\Components</Filter>
    </ClCompile>
    <ClCompile Include="Scripts\Managers\RenderManager.cpp">
      <Filter>Source Files\Managers</Filter>
    </ClCompile>
    <ClCompile Include="Scripts\Game\P_Builder.cpp">
      <Filter>Source Files\Game</Filter>
    </ClCompile>
    <ClCompile Include="Scripts\Core\Manager.cpp">
      <Filter>Source Files\Core</Filter>
    </ClCompile>
    <ClCompile Include="Scripts\Core\Engine.cpp">
      <Filter>Source Files\Core</Filter>
    </ClCompile>
    <ClCompile Include="Scripts\Managers\GameManager.cpp">
      <Filter>Source Files\Managers</Filter>
    </ClCompile>
    <ClCompile Include="Scripts\Game\gameTile.cpp">
      <Filter>Source Files\Game</Filter>
    </ClCompile>
    <ClCompile Include="Scripts\Core\GameObject.cpp">
      <Filter>Source Files\Core</Filter>
    </ClCompile>
    <ClCompile Include="Scripts\Game\GameLevel.cpp">
      <Filter>Source Files\Game</Filter>
    </ClCompile>
    <ClCompile Include="InputManager.cpp">
      <Filter>Source Files\Managers</Filter>
    </ClCompile>
    <ClCompile Include="Scripts\Game\Levels\MainMenu.cpp">
      <Filter>Source Files\Game</Filter>
    </ClCompile>
    <ClCompile Include="Scripts\Managers\UIManager.cpp">
      <Filter>Source Files\Managers</Filter>
    </ClCompile>
    <ClCompile Include="Scripts\Game\UI\InputTextArea.cpp">
      <Filter>Source Files\Game</Filter>
    </ClCompile>
    <ClCompile Include="Scripts\Core\Button.cpp">
      <Filter>Source Files\Core</Filter>
    </ClCompile>
    <ClCompile Include="TextDisplay.cpp">
      <Filter>Source Files\Game</Filter>
    </ClCompile>
    <ClCompile Include="Scripts\Managers\NetworkManager.cpp">
      <Filter>Source Files\Managers</Filter>
    </ClCompile>
    <ClCompile Include="Scripts\Game\Buttons\BackButton.cpp">
      <Filter>Source Files\Game\Buttons</Filter>
    </ClCompile>
    <ClCompile Include="Scripts\Game\Buttons\CancelButton.cpp">
      <Filter>Source Files\Game\Buttons</Filter>
    </ClCompile>
    <ClCompile Include="Scripts\Game\Buttons\ClientButton.cpp">
      <Filter>Source Files\Game\Buttons</Filter>
    </ClCompile>
    <ClCompile Include="Scripts\Game\Buttons\ConnectButton.cpp">
      <Filter>Source Files\Game\Buttons</Filter>
    </ClCompile>
    <ClCompile Include="HostButton.cpp">
      <Filter>Source Files\Game\Buttons</Filter>
    </ClCompile>
    <ClCompile Include="Scripts\Game\Buttons\PlayButton.cpp">
      <Filter>Source Files\Game\Buttons</Filter>
    </ClCompile>
    <ClCompile Include="Scripts\Game\Buttons\QuitButton.cpp">
      <Filter>Source Files\Game\Buttons</Filter>
    </ClCompile>
    <ClCompile Include="NetButton.cpp">
      <Filter>Source Files\Game\Buttons</Filter>
    </ClCompile>
    <ClCompile Include="Scripts\Components\NetworkSyncedObject.cpp">
      <Filter>Source Files</Filter>
    </ClCompile>
    <ClCompile Include="Scripts\Game\Buttons\LANButton.cpp">
      <Filter>Source Files\Game\Buttons</Filter>
    </ClCompile>
    <ClCompile Include="GameServer.cpp">
      <Filter>Source Files</Filter>
    </ClCompile>
    <ClCompile Include="GameClient.cpp">
      <Filter>Source Files</Filter>
    </ClCompile>
  </ItemGroup>
  <ItemGroup>
    <ClInclude Include="Scripts\Core\Component.h">
      <Filter>Header Files\Core</Filter>
    </ClInclude>
    <ClInclude Include="Scripts\Core\Engine.h">
      <Filter>Header Files\Core</Filter>
    </ClInclude>
    <ClInclude Include="Scripts\Core\GameObject.h">
      <Filter>Header Files\Core</Filter>
    </ClInclude>
    <ClInclude Include="Scripts\Core\Manager.h">
      <Filter>Header Files\Core</Filter>
    </ClInclude>
    <ClInclude Include="Scripts\Core\utility_headers.h">
      <Filter>Header Files\Core</Filter>
    </ClInclude>
    <ClInclude Include="Scripts\Components\Sprite.h">
      <Filter>Header Files\Components</Filter>
    </ClInclude>
    <ClInclude Include="Scripts\Managers\GameManager.h">
      <Filter>Header Files\Managers</Filter>
    </ClInclude>
    <ClInclude Include="Scripts\Game\GameLevel.h">
      <Filter>Header Files\Game</Filter>
    </ClInclude>
    <ClInclude Include="Scripts\Managers\RenderManager.h">
      <Filter>Header Files\Managers</Filter>
    </ClInclude>
    <ClInclude Include="Scripts\Game\P_Builder.h">
      <Filter>Header Files\Game</Filter>
    </ClInclude>
    <ClInclude Include="Scripts\Game\gameTile.h">
      <Filter>Header Files\Game</Filter>
    </ClInclude>
    <ClInclude Include="Scripts\Core\Level.h">
      <Filter>Header Files\Core</Filter>
    </ClInclude>
    <ClInclude Include="Scripts\Managers\InputManager.h">
      <Filter>Header Files\Managers</Filter>
    </ClInclude>
    <ClInclude Include="Scripts\Core\UIObject.h">
      <Filter>Header Files\Core</Filter>
    </ClInclude>
    <ClInclude Include="Scripts\Managers\UIManager.h">
      <Filter>Header Files\Managers</Filter>
    </ClInclude>
    <ClInclude Include="Scripts\Game\Levels\MainMenu.h">
      <Filter>Header Files\Game</Filter>
    </ClInclude>
    <ClInclude Include="Scripts\Game\UI\InputTextArea.h">
      <Filter>Header Files\Game</Filter>
    </ClInclude>
    <ClInclude Include="Scripts\Core\Button.h">
      <Filter>Header Files\Core</Filter>
    </ClInclude>
    <ClInclude Include="Scripts\Game\UI\TextDisplay.h">
      <Filter>Header Files\Game</Filter>
    </ClInclude>
    <ClInclude Include="Scripts\Managers\NetworkManager.h">
      <Filter>Header Files\Managers</Filter>
    </ClInclude>
    <ClInclude Include="Scripts\Game\Buttons\BackButton.h">
      <Filter>Header Files\Game\Buttons</Filter>
    </ClInclude>
    <ClInclude Include="Scripts\Game\Buttons\CancelButton.h">
      <Filter>Header Files\Game\Buttons</Filter>
    </ClInclude>
    <ClInclude Include="Scripts\Game\Buttons\ClientButton.h">
      <Filter>Header Files\Game\Buttons</Filter>
    </ClInclude>
    <ClInclude Include="Scripts\Game\Buttons\ConnectButton.h">
      <Filter>Header Files\Game\Buttons</Filter>
    </ClInclude>
    <ClInclude Include="Scripts\Game\Buttons\PlayButton.h">
      <Filter>Header Files\Game\Buttons</Filter>
    </ClInclude>
    <ClInclude Include="Scripts\Game\Buttons\QuitButton.h">
      <Filter>Header Files\Game\Buttons</Filter>
    </ClInclude>
    <ClInclude Include="Scripts\Game\Buttons\HostButton.h">
      <Filter>Header Files\Game\Buttons</Filter>
    </ClInclude>
    <ClInclude Include="Scripts\Game\Buttons\LANButton.h">
      <Filter>Header Files\Game\Buttons</Filter>
    </ClInclude>
    <ClInclude Include="Scripts\Game\Buttons\NetButton.h">
      <Filter>Header Files\Game\Buttons</Filter>
    </ClInclude>
    <ClInclude Include="Scripts\Components\NetworkSyncedObject.h">
      <Filter>Header Files</Filter>
    </ClInclude>
    <ClInclude Include="Scripts\Game\GameServer.h">
      <Filter>Header Files</Filter>
    </ClInclude>
    <ClInclude Include="GameClient.h">
      <Filter>Header Files</Filter>
    </ClInclude>
  </ItemGroup>
</Project>