<?xml version="1.0" encoding="utf-8"?>
<Project ToolsVersion="4.0" xmlns="http://schemas.microsoft.com/developer/msbuild/2003">
  <ItemGroup>
    <Filter Include="Source Files">
      <UniqueIdentifier>{4FC737F1-C7A5-4376-A066-2A32D752A2FF}</UniqueIdentifier>
      <Extensions>cpp;c;cc;cxx;def;odl;idl;hpj;bat;asm;asmx</Extensions>
    </Filter>
    <Filter Include="Header Files">
      <UniqueIdentifier>{93995380-89BD-4b04-88EB-625FBE52EBFB}</UniqueIdentifier>
      <Extensions>h;hh;hpp;hxx;hm;inl;inc;ipp;xsd</Extensions>
    </Filter>
    <Filter Include="Resource Files">
      <UniqueIdentifier>{67DA6AB6-F800-4c08-8B7A-83BB121AAD01}</UniqueIdentifier>
      <Extensions>rc;ico;cur;bmp;dlg;rc2;rct;bin;rgs;gif;jpg;jpeg;jpe;resx;tiff;tif;png;wav;mfcribbon-ms</Extensions>
    </Filter>
    <Filter Include="Source Files\Core">
      <UniqueIdentifier>{99da9ee6-4f72-46cc-9d62-55a6c488acd5}</UniqueIdentifier>
    </Filter>
    <Filter Include="Source Files\Game">
      <UniqueIdentifier>{64232aa8-a572-43ae-8c87-996466b176bc}</UniqueIdentifier>
    </Filter>
    <Filter Include="Header Files\Core">
      <UniqueIdentifier>{416da2b2-ca7a-4c58-8ca9-e04a9d14ba61}</UniqueIdentifier>
    </Filter>
    <Filter Include="Header Files\Game">
      <UniqueIdentifier>{5e552390-682f-48d0-afc5-6ed358e2d41f}</UniqueIdentifier>
    </Filter>
    <Filter Include="Header Files\Components">
      <UniqueIdentifier>{84084d2c-ba4a-4ea6-b683-c434f82bcb39}</UniqueIdentifier>
    </Filter>
    <Filter Include="Source Files\Components">
      <UniqueIdentifier>{5061098a-2655-4b4a-8b76-2b1e8084ad66}</UniqueIdentifier>
    </Filter>
    <Filter Include="Source Files\Managers">
      <UniqueIdentifier>{d864bff4-0229-4d6a-83f6-bde6699e961d}</UniqueIdentifier>
    </Filter>
    <Filter Include="Header Files\Managers">
      <UniqueIdentifier>{bf8c24ea-a97a-4034-9e81-2d10fb491b3f}</UniqueIdentifier>
    </Filter>
  </ItemGroup>
  <ItemGroup>
    <ClCompile Include="SFML-Santorini_Engine.cpp">
      <Filter>Source Files</Filter>
    </ClCompile>
    <ClCompile Include="Scripts\Core\Engine.cpp">
      <Filter>Source Files\Core</Filter>
    </ClCompile>
    <ClCompile Include="Scripts\Core\GameObject.cpp">
      <Filter>Source Files\Core</Filter>
    </ClCompile>
    <ClCompile Include="Scripts\Game\GameLevel.cpp">
      <Filter>Source Files\Game</Filter>
    </ClCompile>
    <ClCompile Include="Scripts\Core\Manager.cpp">
      <Filter>Source Files\Core</Filter>
    </ClCompile>
    <ClCompile Include="Scripts\Components\Sprite.cpp">
      <Filter>Source Files\Components</Filter>
    </ClCompile>
    <ClCompile Include="Scripts\Managers\RenderManager.cpp">
      <Filter>Source Files\Managers</Filter>
    </ClCompile>
    <ClCompile Include="Scripts\Managers\GameManager.cpp">
      <Filter>Source Files\Managers</Filter>
    </ClCompile>
    <ClCompile Include="gameTile.cpp">
      <Filter>Source Files\Game</Filter>
    </ClCompile>
    <ClCompile Include="Scripts\Game\P_Builder.cpp">
      <Filter>Source Files\Game</Filter>
    </ClCompile>
  </ItemGroup>
  <ItemGroup>
    <ClInclude Include="Scripts\Core\Component.h">
      <Filter>Header Files\Core</Filter>
    </ClInclude>
    <ClInclude Include="Scripts\Core\Engine.h">
      <Filter>Header Files\Core</Filter>
    </ClInclude>
    <ClInclude Include="Scripts\Core\GameObject.h">
      <Filter>Header Files\Core</Filter>
    </ClInclude>
    <ClInclude Include="Scripts\Game\GameLevel.h">
      <Filter>Header Files\Game</Filter>
    </ClInclude>
    <ClInclude Include="Scripts\Core\utility_headers.h">
      <Filter>Header Files</Filter>
    </ClInclude>
    <ClInclude Include="Scripts\Components\Transform.h">
      <Filter>Header Files\Components</Filter>
    </ClInclude>
    <ClInclude Include="Scripts\Core\Manager.h">
      <Filter>Header Files\Core</Filter>
    </ClInclude>
    <ClInclude Include="Scripts\Components\Sprite.h">
      <Filter>Header Files\Components</Filter>
    </ClInclude>
    <ClInclude Include="Scripts\Managers\RenderManager.h">
      <Filter>Header Files\Managers</Filter>
    </ClInclude>
    <ClInclude Include="Scripts\Managers\GameManager.h">
      <Filter>Header Files\Managers</Filter>
    </ClInclude>
    <ClInclude Include="Scripts\Game\gameTile.h">
      <Filter>Header Files\Game</Filter>
    </ClInclude>
    <ClInclude Include="Scripts\Game\P_Builder.h">
      <Filter>Header Files\Game</Filter>
    </ClInclude>
  </ItemGroup>
</Project>